
Microsoft Visual Studio Solution File, Format Version 12.00
# Visual Studio Version 17
VisualStudioVersion = 17.10.35122.118
MinimumVisualStudioVersion = 10.0.40219.1
Project("{FAE04EC0-301F-11D3-BF4B-00C04F79EFBC}") = "ExamenLeonardoVelasquez", "ExamenLeonardoVelasquez\ExamenLeonardoVelasquez.csproj", "{CC970268-743C-48C3-A91C-E0A8327B65DC}"
EndProject
Global
	GlobalSection(SolutionConfigurationPlatforms) = preSolution
		Debug|Any CPU = Debug|Any CPU
		Release|Any CPU = Release|Any CPU
	EndGlobalSection
	GlobalSection(ProjectConfigurationPlatforms) = postSolution
		{CC970268-743C-48C3-A91C-E0A8327B65DC}.Debug|Any CPU.ActiveCfg = Debug|Any CPU
		{CC970268-743C-48C3-A91C-E0A8327B65DC}.Debug|Any CPU.Build.0 = Debug|Any CPU
		{CC970268-743C-48C3-A91C-E0A8327B65DC}.Release|Any CPU.ActiveCfg = Release|Any CPU
		{CC970268-743C-48C3-A91C-E0A8327B65DC}.Release|Any CPU.Build.0 = Release|Any CPU
	EndGlobalSection
	GlobalSection(SolutionProperties) = preSolution
		HideSolutionNode = FALSE
	EndGlobalSection
	GlobalSection(ExtensibilityGlobals) = postSolution
		SolutionGuid = {F7E560AF-038D-429E-A5B3-CEB9C37A4AF6}
	EndGlobalSection
EndGlobal
